{
  "name": "html-adaptiv",
  "lockfileVersion": 3,
  "requires": true,
  "packages": {
    "": {
      "dependencies": {
        "@fancyapps/ui": "^5.0.35",
        "swiper": "^11.0.7"
      }
    },
    "node_modules/@fancyapps/ui": {
      "version": "5.0.35",
      "resolved": "https://registry.npmjs.org/@fancyapps/ui/-/ui-5.0.35.tgz",
      "integrity": "sha512-2aTAksmugIDmadEEgK41i3RyNGE2zK7liOSXC41Oh7Lh1RBHpNyz97vbzKfuik9Pwx5B8hGGd8DEPcjyXbS3NQ=="
    },
    "node_modules/swiper": {
      "version": "11.0.7",
      "resolved": "https://registry.npmjs.org/swiper/-/swiper-11.0.7.tgz",
      "integrity": "sha512-cDfglW1B6uSmB6eB6pNmzDTNLmZtu5bWWa1vak0RU7fOI9qHjMzl7gVBvYSl34b0RU2N11HxxETJqQ5LeqI1cA==",
      "funding": [
        {
          "type": "patreon",
          "url": "https://www.patreon.com/swiperjs"
        },
        {
          "type": "open_collective",
          "url": "http://opencollective.com/swiper"
        }
      ],
      "engines": {
        "node": ">= 4.7.0"
      }
    }
  }
}
